{
  "name": "01ithacacol_inst-01ithacacol_v1",
  "version": "1.0.0",
  "lockfileVersion": 2,
  "requires": true,
  "packages": {
    "": {
      "name": "01ithacacol_inst-01ithacacol_v1",
      "version": "1.0.0",
      "license": "ISC",
      "dependencies": {
        "primo-explore-custom-actions": "^3.1.0",
        "primo-explore-send-sms": "^1.1.0"
      }
    },
    "node_modules/primo-explore-custom-actions": {
      "version": "3.1.0",
      "resolved": "https://registry.npmjs.org/primo-explore-custom-actions/-/primo-explore-custom-actions-3.1.0.tgz",
      "integrity": "sha512-/rDPWJNIBr9VaQ9i+4sZtCyUwBOqi28kFbpM5C5jzY98KOnOO8m+yScD38B6UssMc36ZlGPZeEr8kxxrZDmleA==",
      "deprecated": "package has moved to Orbis Cascade Alliance namespace: @orbis-cascade/primo-explore-custom-actions"
    },
    "node_modules/primo-explore-send-sms": {
      "version": "1.1.0",
      "resolved": "https://registry.npmjs.org/primo-explore-send-sms/-/primo-explore-send-sms-1.1.0.tgz",
      "integrity": "sha512-mt5+OV7sqWF+sGges+6i/LE/ORh+x5SBOHywAs7l+8YeOzgFaO5LAhZthoAeDhYAoBC/oc3ks0w6rSo8JkCxxA==",
      "deprecated": "package has moved: @orbis-cascade/primo-explore-send-sms",
      "dependencies": {
        "primo-explore-custom-actions": "^3.0.0"
      }
    }
  },
  "dependencies": {
    "primo-explore-custom-actions": {
      "version": "3.1.0",
      "resolved": "https://registry.npmjs.org/primo-explore-custom-actions/-/primo-explore-custom-actions-3.1.0.tgz",
      "integrity": "sha512-/rDPWJNIBr9VaQ9i+4sZtCyUwBOqi28kFbpM5C5jzY98KOnOO8m+yScD38B6UssMc36ZlGPZeEr8kxxrZDmleA=="
    },
    "primo-explore-send-sms": {
      "version": "1.1.0",
      "resolved": "https://registry.npmjs.org/primo-explore-send-sms/-/primo-explore-send-sms-1.1.0.tgz",
      "integrity": "sha512-mt5+OV7sqWF+sGges+6i/LE/ORh+x5SBOHywAs7l+8YeOzgFaO5LAhZthoAeDhYAoBC/oc3ks0w6rSo8JkCxxA==",
      "requires": {
        "primo-explore-custom-actions": "^3.0.0"
      }
    }
  }
}
